PODS:
  - AsyncSwift (2.0.4)
  - Crashlytics (3.7.2):
    - Fabric (~> 1.6.3)
  - DAKeyboardControl (2.4.0)
  - Fabric (1.6.7)
  - FLKAutoLayout (0.2.1)
  - FMDB (2.3):
    - FMDB/standard (= 2.3)
  - FMDB/common (2.3)
  - FMDB/standard (2.3):
    - FMDB/common
  - GoogleAnalytics (3.14.0)
  - GRMustache (7.3.0):
    - JRSwizzle (~> 1.0)
  - JRSwizzle (1.0)
  - Mapbox-iOS-SDK (1.6.0):
    - FMDB (= 2.3)
    - GRMustache (= 7.3.0)
    - SMCalloutView (= 2.0)
  - NibDesignable (2.3.0)
  - OCHamcrest (4.3.0)
  - OCMockito (1.4.0):
    - OCHamcrest (~> 4.0)
  - ORStackView (3.0.1):
    - FLKAutoLayout (~> 0.2)
  - PSTAlertController (1.1.0)
  - Realm (0.99.1):
    - Realm/Headers (= 0.99.1)
  - Realm/Headers (0.99.1)
  - SMCalloutView (2.0)
  - SnapKit (0.21.0)
  - SwiftHEXColors (1.0.4)
  - SwiftyJSON (3.1.4)
  - SwiftyUserDefaults (2.2.0)
  - TTTAttributedLabel (2.0.0)
  - UIImage-Categories (1.0.0)

DEPENDENCIES:
  - AsyncSwift (~> 2.0.4)
  - Crashlytics (~> 3.7.0)
  - DAKeyboardControl (~> 2.4)
  - GoogleAnalytics (~> 3.10)
  - Mapbox-iOS-SDK (= 1.6.0)
  - NibDesignable (~> 2.3)
  - OCMockito (~> 1.0)
  - ORStackView (~> 3.0)
  - PSTAlertController (= 1.1.0)
  - Realm (~> 0.99.0)
  - SnapKit (~> 0.21.0)
  - SwiftHEXColors (~> 1.0)
  - SwiftyJSON (~> 3.1.4)
  - SwiftyUserDefaults (~> 2.2.0)
  - TTTAttributedLabel (~> 2.0)
  - UIImage-Categories (~> 1.0)

SPEC REPOS:
  https://github.com/CocoaPods/Specs.git:
    - AsyncSwift
    - Crashlytics
    - DAKeyboardControl
    - Fabric
    - FLKAutoLayout
    - FMDB
    - GoogleAnalytics
    - GRMustache
    - JRSwizzle
    - Mapbox-iOS-SDK
    - NibDesignable
    - OCHamcrest
    - OCMockito
    - ORStackView
    - PSTAlertController
    - Realm
    - SMCalloutView
    - SnapKit
    - SwiftHEXColors
    - SwiftyJSON
    - SwiftyUserDefaults
    - TTTAttributedLabel
    - UIImage-Categories

SPEC CHECKSUMS:
  AsyncSwift: 65775a7b32e740609b24969ece3de58723b9dc3e
  Crashlytics: 130ab943f8c78cda7a814b434f270b2e2c8a3cba
  DAKeyboardControl: 9d9bca22a5cc3c1d3cc61e24fbd208c3e84a3d2d
  Fabric: caf7580c725e64db144f610ac65cd60956911dc7
  FLKAutoLayout: 9db6b30c2008d230da608e62c607b11c23b942e6
  FMDB: e78c5941bb10563f2b707255119e3655e790c29e
  GoogleAnalytics: 9be1afdb8deeac4bb5f13ca7f7d3b9db2a1f43dc
  GRMustache: 6baee020c5644416c034f5afb1607f6219e7f753
  JRSwizzle: dd5ead5d913a0f29e7f558200165849f006bb1e3
  Mapbox-iOS-SDK: ee136ca5b7f853456b50dfd7a7f0e243288cf86f
  NibDesignable: 10eb4480cab249bb5d5ba273061b026df824087b
  OCHamcrest: cd63d27f48a266d4412c0b295b01b8f0940efa81
  OCMockito: 4981140c9a9ec06c31af40f636e3c0f25f27e6b2
  ORStackView: a1bb52748cd0ae29891c140baf22ff8972fb363c
  PSTAlertController: cb21afcfa76c3229feec7db044afd4f60dab5892
  Realm: 522a0cc8e1f8755ee56d7dc16ca0fc380d045766
  SMCalloutView: f758edd824b18bf4f42de00df1e299861a2d1950
  SnapKit: 2756fe24b706367af224c9c508d2f9166d03354c
  SwiftHEXColors: b0ecc7bd83a1aa2e1956f9ba51f55ebb2bcf86ef
  SwiftyJSON: c2842d878f95482ffceec5709abc3d05680c0220
  SwiftyUserDefaults: e7c8197a9d4068702e7f2406a968cae413b8de27
  TTTAttributedLabel: 8cffe8e127e4e82ff3af1e5386d4cd0ad000b656
  UIImage-Categories: a0593f6a7991c99016b9ecadfbd38b3717ff1a73

PODFILE CHECKSUM: 050d6e5fc62a3b77eee53b385ad15e98fd9ec17e

COCOAPODS: 1.5.0
