PODS:
  - DAKeyboardControl (2.4.0)
  - FMDB (2.3):
    - FMDB/standard (= 2.3)
  - FMDB/common (2.3)
  - FMDB/standard (2.3):
    - FMDB/common
  - GoogleAnalytics-iOS-SDK (3.12):
    - GoogleAnalytics-iOS-SDK/Core (= 3.12)
  - GoogleAnalytics-iOS-SDK/Core (3.12)
  - GRMustache (7.3.0):
    - JRSwizzle (~> 1.0)
  - JRSwizzle (1.0)
  - Mapbox-iOS-SDK (1.6.0):
    - FMDB (= 2.3)
    - GRMustache (= 7.3.0)
    - SMCalloutView (= 2.0)
  - NibDesignable (1.1.1)
  - OCHamcrest (4.2.0)
  - OCMockito (1.4.0):
    - OCHamcrest (~> 4.0)
  - PSTAlertController (1.1.0)
  - Realm (0.95.0):
    - Realm/Headers (= 0.95.0)
  - Realm/Headers (0.95.0)
  - Reveal-iOS-SDK (1.5.1)
  - SMCalloutView (2.0)
  - TTTAttributedLabel (1.13.4)
  - UIImage-Categories (1.0.0)

DEPENDENCIES:
  - DAKeyboardControl (~> 2.4)
  - GoogleAnalytics-iOS-SDK (~> 3.10)
  - Mapbox-iOS-SDK (= 1.6.0)
  - NibDesignable (~> 1.1.0)
  - OCMockito (~> 1.0)
  - PSTAlertController (~> 1.1)
  - Realm (~> 0.93)
  - Reveal-iOS-SDK
  - TTTAttributedLabel (~> 1.13)
  - UIImage-Categories (~> 1.0)

SPEC CHECKSUMS:
  DAKeyboardControl: 9d9bca22a5cc3c1d3cc61e24fbd208c3e84a3d2d
  FMDB: 773d79bb74226959b7e2286b1d6e0bd857c88915
  GoogleAnalytics-iOS-SDK: 13241762fa4aea845eb75bef6c0da3427a26e7b3
  GRMustache: 6baee020c5644416c034f5afb1607f6219e7f753
  JRSwizzle: dd5ead5d913a0f29e7f558200165849f006bb1e3
  Mapbox-iOS-SDK: ee136ca5b7f853456b50dfd7a7f0e243288cf86f
  NibDesignable: 95579fc418e1922f341f51fc1243a1a21af04ccf
  OCHamcrest: c14c0b3f4c4e99363e5b87d97bae38c4438b6d5d
  OCMockito: 4981140c9a9ec06c31af40f636e3c0f25f27e6b2
  PSTAlertController: cb21afcfa76c3229feec7db044afd4f60dab5892
  Realm: bbb171b96728ea136ed5cd354dca2a3d6529923c
  Reveal-iOS-SDK: c9c55cad2729c85f6ced415f1b21857c9a2d8ef9
  SMCalloutView: f758edd824b18bf4f42de00df1e299861a2d1950
  TTTAttributedLabel: 0a2ac7b2dd726d32a070dafb01446026b11e624f
  UIImage-Categories: a0593f6a7991c99016b9ecadfbd38b3717ff1a73

COCOAPODS: 0.37.2
